
Microsoft Visual Studio Solution File, Format Version 12.00
# Visual Studio Version 17
VisualStudioVersion = 17.0.31903.59
MinimumVisualStudioVersion = 10.0.40219.1
Project("{FAE04EC0-301F-11D3-BF4B-00C04F79EFBC}") = "Persistencia", "Persistencia\Persistencia.csproj", "{773AFD6A-AD65-4303-8EC8-B0539FE9C697}"
EndProject
Project("{FAE04EC0-301F-11D3-BF4B-00C04F79EFBC}") = "Dominio", "Dominio\Dominio.csproj", "{DFC3987E-91A2-4A6D-A350-EE9B09EFBFC9}"
EndProject
Project("{FAE04EC0-301F-11D3-BF4B-00C04F79EFBC}") = "Aplicacion", "Aplicacion\Aplicacion.csproj", "{14D33DD1-367B-4799-B628-5DC9662FB88A}"
EndProject
Project("{FAE04EC0-301F-11D3-BF4B-00C04F79EFBC}") = "ProFixApi", "ProFixApi\ProFixApi.csproj", "{79F03735-3FE9-4B7F-B4C6-D55000F55AFB}"
EndProject
Global
	GlobalSection(SolutionConfigurationPlatforms) = preSolution
		Debug|Any CPU = Debug|Any CPU
		Release|Any CPU = Release|Any CPU
	EndGlobalSection
	GlobalSection(SolutionProperties) = preSolution
		HideSolutionNode = FALSE
	EndGlobalSection
	GlobalSection(ProjectConfigurationPlatforms) = postSolution
		{773AFD6A-AD65-4303-8EC8-B0539FE9C697}.Debug|Any CPU.ActiveCfg = Debug|Any CPU
		{773AFD6A-AD65-4303-8EC8-B0539FE9C697}.Debug|Any CPU.Build.0 = Debug|Any CPU
		{773AFD6A-AD65-4303-8EC8-B0539FE9C697}.Release|Any CPU.ActiveCfg = Release|Any CPU
		{773AFD6A-AD65-4303-8EC8-B0539FE9C697}.Release|Any CPU.Build.0 = Release|Any CPU
		{DFC3987E-91A2-4A6D-A350-EE9B09EFBFC9}.Debug|Any CPU.ActiveCfg = Debug|Any CPU
		{DFC3987E-91A2-4A6D-A350-EE9B09EFBFC9}.Debug|Any CPU.Build.0 = Debug|Any CPU
		{DFC3987E-91A2-4A6D-A350-EE9B09EFBFC9}.Release|Any CPU.ActiveCfg = Release|Any CPU
		{DFC3987E-91A2-4A6D-A350-EE9B09EFBFC9}.Release|Any CPU.Build.0 = Release|Any CPU
		{14D33DD1-367B-4799-B628-5DC9662FB88A}.Debug|Any CPU.ActiveCfg = Debug|Any CPU
		{14D33DD1-367B-4799-B628-5DC9662FB88A}.Debug|Any CPU.Build.0 = Debug|Any CPU
		{14D33DD1-367B-4799-B628-5DC9662FB88A}.Release|Any CPU.ActiveCfg = Release|Any CPU
		{14D33DD1-367B-4799-B628-5DC9662FB88A}.Release|Any CPU.Build.0 = Release|Any CPU
		{79F03735-3FE9-4B7F-B4C6-D55000F55AFB}.Debug|Any CPU.ActiveCfg = Debug|Any CPU
		{79F03735-3FE9-4B7F-B4C6-D55000F55AFB}.Debug|Any CPU.Build.0 = Debug|Any CPU
		{79F03735-3FE9-4B7F-B4C6-D55000F55AFB}.Release|Any CPU.ActiveCfg = Release|Any CPU
		{79F03735-3FE9-4B7F-B4C6-D55000F55AFB}.Release|Any CPU.Build.0 = Release|Any CPU
	EndGlobalSection
EndGlobal
